// !$*UTF8*$!
{
	archiveVersion = 1;
	classes = {
	};
	objectVersion = 56;
	objects = {

/* Begin PBXBuildFile section */
		A5FBF8DF29CE4CDA002C07C3 /* AppDelegate.swift in Sources */ = {isa = PBXBuildFile; fileRef = A5FBF8DE29CE4CDA002C07C3 /* AppDelegate.swift */; };
		A5FBF8E129CE4CDA002C07C3 /* SceneDelegate.swift in Sources */ = {isa = PBXBuildFile; fileRef = A5FBF8E029CE4CDA002C07C3 /* SceneDelegate.swift */; };
		A5FBF8E329CE4CDA002C07C3 /* PSWMapViewController.swift in Sources */ = {isa = PBXBuildFile; fileRef = A5FBF8E229CE4CDA002C07C3 /* PSWMapViewController.swift */; };
		A5FBF8E829CE4CDB002C07C3 /* Assets.xcassets in Resources */ = {isa = PBXBuildFile; fileRef = A5FBF8E729CE4CDB002C07C3 /* Assets.xcassets */; };
		A5FBF8EB29CE4CDB002C07C3 /* LaunchScreen.storyboard in Resources */ = {isa = PBXBuildFile; fileRef = A5FBF8E929CE4CDB002C07C3 /* LaunchScreen.storyboard */; };
		A5FBF8F629CE4CDB002C07C3 /* PSW_TestTests.swift in Sources */ = {isa = PBXBuildFile; fileRef = A5FBF8F529CE4CDB002C07C3 /* PSW_TestTests.swift */; };
		A5FBF90029CE4CDB002C07C3 /* PSW_TestUITests.swift in Sources */ = {isa = PBXBuildFile; fileRef = A5FBF8FF29CE4CDB002C07C3 /* PSW_TestUITests.swift */; };
		A5FBF90229CE4CDB002C07C3 /* PSW_TestUITestsLaunchTests.swift in Sources */ = {isa = PBXBuildFile; fileRef = A5FBF90129CE4CDB002C07C3 /* PSW_TestUITestsLaunchTests.swift */; };
		A5FBF91929CE4D46002C07C3 /* MapboxCommon.xcframework in Frameworks */ = {isa = PBXBuildFile; fileRef = A5FBF90F29CE4D32002C07C3 /* MapboxCommon.xcframework */; };
		A5FBF91A29CE4D46002C07C3 /* MapboxCommon.xcframework in Embed Frameworks */ = {isa = PBXBuildFile; fileRef = A5FBF90F29CE4D32002C07C3 /* MapboxCommon.xcframework */; settings = {ATTRIBUTES = (CodeSignOnCopy, RemoveHeadersOnCopy, ); }; };
		A5FBF91C29CE4D47002C07C3 /* MapboxCoreMaps.xcframework in Frameworks */ = {isa = PBXBuildFile; fileRef = A5FBF91229CE4D32002C07C3 /* MapboxCoreMaps.xcframework */; };
		A5FBF91D29CE4D47002C07C3 /* MapboxCoreMaps.xcframework in Embed Frameworks */ = {isa = PBXBuildFile; fileRef = A5FBF91229CE4D32002C07C3 /* MapboxCoreMaps.xcframework */; settings = {ATTRIBUTES = (CodeSignOnCopy, RemoveHeadersOnCopy, ); }; };
		A5FBF91E29CE4D48002C07C3 /* MapboxMaps.xcframework in Frameworks */ = {isa = PBXBuildFile; fileRef = A5FBF91029CE4D32002C07C3 /* MapboxMaps.xcframework */; };
		A5FBF91F29CE4D48002C07C3 /* MapboxMaps.xcframework in Embed Frameworks */ = {isa = PBXBuildFile; fileRef = A5FBF91029CE4D32002C07C3 /* MapboxMaps.xcframework */; settings = {ATTRIBUTES = (CodeSignOnCopy, RemoveHeadersOnCopy, ); }; };
		A5FBF92029CE4D49002C07C3 /* MapboxMobileEvents.xcframework in Frameworks */ = {isa = PBXBuildFile; fileRef = A5FBF91129CE4D32002C07C3 /* MapboxMobileEvents.xcframework */; };
		A5FBF92129CE4D49002C07C3 /* MapboxMobileEvents.xcframework in Embed Frameworks */ = {isa = PBXBuildFile; fileRef = A5FBF91129CE4D32002C07C3 /* MapboxMobileEvents.xcframework */; settings = {ATTRIBUTES = (CodeSignOnCopy, RemoveHeadersOnCopy, ); }; };
		A5FBF92229CE4D4B002C07C3 /* Turf.xcframework in Frameworks */ = {isa = PBXBuildFile; fileRef = A5FBF91729CE4D40002C07C3 /* Turf.xcframework */; };
		A5FBF92329CE4D4B002C07C3 /* Turf.xcframework in Embed Frameworks */ = {isa = PBXBuildFile; fileRef = A5FBF91729CE4D40002C07C3 /* Turf.xcframework */; settings = {ATTRIBUTES = (CodeSignOnCopy, RemoveHeadersOnCopy, ); }; };
		A5FBF92529CE4E0F002C07C3 /* MapMenuView.swift in Sources */ = {isa = PBXBuildFile; fileRef = A5FBF92429CE4E0F002C07C3 /* MapMenuView.swift */; };
		A5FBF92729CEFBE2002C07C3 /* PSWMapPresenter.swift in Sources */ = {isa = PBXBuildFile; fileRef = A5FBF92629CEFBE2002C07C3 /* PSWMapPresenter.swift */; };
		A5FBF92929CEFBF5002C07C3 /* PSWMapPresenterProtocol.swift in Sources */ = {isa = PBXBuildFile; fileRef = A5FBF92829CEFBF5002C07C3 /* PSWMapPresenterProtocol.swift */; };
		A5FBF92B29CEFC2F002C07C3 /* PSWMapViewProtocol.swift in Sources */ = {isa = PBXBuildFile; fileRef = A5FBF92A29CEFC2F002C07C3 /* PSWMapViewProtocol.swift */; };
		A5FBF92F29CEFC9A002C07C3 /* MapModulBuilder.swift in Sources */ = {isa = PBXBuildFile; fileRef = A5FBF92E29CEFC9A002C07C3 /* MapModulBuilder.swift */; };
		A5FBF93229CEFE35002C07C3 /* Routable.swift in Sources */ = {isa = PBXBuildFile; fileRef = A5FBF93129CEFE35002C07C3 /* Routable.swift */; };
		A5FBF93429CEFE4C002C07C3 /* MapRouter.swift in Sources */ = {isa = PBXBuildFile; fileRef = A5FBF93329CEFE4C002C07C3 /* MapRouter.swift */; };
		A5FBF93629CF7819002C07C3 /* Helpers.swift in Sources */ = {isa = PBXBuildFile; fileRef = A5FBF93529CF7819002C07C3 /* Helpers.swift */; };
/* End PBXBuildFile section */

/* Begin PBXContainerItemProxy section */
		A5FBF8F229CE4CDB002C07C3 /* PBXContainerItemProxy */ = {
			isa = PBXContainerItemProxy;
			containerPortal = A5FBF8D329CE4CDA002C07C3 /* Project object */;
			proxyType = 1;
			remoteGlobalIDString = A5FBF8DA29CE4CDA002C07C3;
			remoteInfo = PSW_Test;
		};
		A5FBF8FC29CE4CDB002C07C3 /* PBXContainerItemProxy */ = {
			isa = PBXContainerItemProxy;
			containerPortal = A5FBF8D329CE4CDA002C07C3 /* Project object */;
			proxyType = 1;
			remoteGlobalIDString = A5FBF8DA29CE4CDA002C07C3;
			remoteInfo = PSW_Test;
		};
/* End PBXContainerItemProxy section */

/* Begin PBXCopyFilesBuildPhase section */
		A5FBF91B29CE4D46002C07C3 /* Embed Frameworks */ = {
			isa = PBXCopyFilesBuildPhase;
			buildActionMask = 2147483647;
			dstPath = "";
			dstSubfolderSpec = 10;
			files = (
				A5FBF91D29CE4D47002C07C3 /* MapboxCoreMaps.xcframework in Embed Frameworks */,
				A5FBF92129CE4D49002C07C3 /* MapboxMobileEvents.xcframework in Embed Frameworks */,
				A5FBF91A29CE4D46002C07C3 /* MapboxCommon.xcframework in Embed Frameworks */,
				A5FBF92329CE4D4B002C07C3 /* Turf.xcframework in Embed Frameworks */,
				A5FBF91F29CE4D48002C07C3 /* MapboxMaps.xcframework in Embed Frameworks */,
			);
			name = "Embed Frameworks";
			runOnlyForDeploymentPostprocessing = 0;
		};
/* End PBXCopyFilesBuildPhase section */

/* Begin PBXFileReference section */
		A5FBF8DB29CE4CDA002C07C3 /* PSW_Test.app */ = {isa = PBXFileReference; explicitFileType = wrapper.application; includeInIndex = 0; path = PSW_Test.app; sourceTree = BUILT_PRODUCTS_DIR; };
		A5FBF8DE29CE4CDA002C07C3 /* AppDelegate.swift */ = {isa = PBXFileReference; lastKnownFileType = sourcecode.swift; path = AppDelegate.swift; sourceTree = "<group>"; };
		A5FBF8E029CE4CDA002C07C3 /* SceneDelegate.swift */ = {isa = PBXFileReference; lastKnownFileType = sourcecode.swift; path = SceneDelegate.swift; sourceTree = "<group>"; };
		A5FBF8E229CE4CDA002C07C3 /* PSWMapViewController.swift */ = {isa = PBXFileReference; lastKnownFileType = sourcecode.swift; path = PSWMapViewController.swift; sourceTree = "<group>"; };
		A5FBF8E729CE4CDB002C07C3 /* Assets.xcassets */ = {isa = PBXFileReference; lastKnownFileType = folder.assetcatalog; path = Assets.xcassets; sourceTree = "<group>"; };
		A5FBF8EA29CE4CDB002C07C3 /* Base */ = {isa = PBXFileReference; lastKnownFileType = file.storyboard; name = Base; path = Base.lproj/LaunchScreen.storyboard; sourceTree = "<group>"; };
		A5FBF8EC29CE4CDB002C07C3 /* Info.plist */ = {isa = PBXFileReference; lastKnownFileType = text.plist.xml; path = Info.plist; sourceTree = "<group>"; };
		A5FBF8F129CE4CDB002C07C3 /* PSW_TestTests.xctest */ = {isa = PBXFileReference; explicitFileType = wrapper.cfbundle; includeInIndex = 0; path = PSW_TestTests.xctest; sourceTree = BUILT_PRODUCTS_DIR; };
		A5FBF8F529CE4CDB002C07C3 /* PSW_TestTests.swift */ = {isa = PBXFileReference; lastKnownFileType = sourcecode.swift; path = PSW_TestTests.swift; sourceTree = "<group>"; };
		A5FBF8FB29CE4CDB002C07C3 /* PSW_TestUITests.xctest */ = {isa = PBXFileReference; explicitFileType = wrapper.cfbundle; includeInIndex = 0; path = PSW_TestUITests.xctest; sourceTree = BUILT_PRODUCTS_DIR; };
		A5FBF8FF29CE4CDB002C07C3 /* PSW_TestUITests.swift */ = {isa = PBXFileReference; lastKnownFileType = sourcecode.swift; path = PSW_TestUITests.swift; sourceTree = "<group>"; };
		A5FBF90129CE4CDB002C07C3 /* PSW_TestUITestsLaunchTests.swift */ = {isa = PBXFileReference; lastKnownFileType = sourcecode.swift; path = PSW_TestUITestsLaunchTests.swift; sourceTree = "<group>"; };
		A5FBF90F29CE4D32002C07C3 /* MapboxCommon.xcframework */ = {isa = PBXFileReference; lastKnownFileType = wrapper.xcframework; path = MapboxCommon.xcframework; sourceTree = "<group>"; };
		A5FBF91029CE4D32002C07C3 /* MapboxMaps.xcframework */ = {isa = PBXFileReference; lastKnownFileType = wrapper.xcframework; path = MapboxMaps.xcframework; sourceTree = "<group>"; };
		A5FBF91129CE4D32002C07C3 /* MapboxMobileEvents.xcframework */ = {isa = PBXFileReference; lastKnownFileType = wrapper.xcframework; path = MapboxMobileEvents.xcframework; sourceTree = "<group>"; };
		A5FBF91229CE4D32002C07C3 /* MapboxCoreMaps.xcframework */ = {isa = PBXFileReference; lastKnownFileType = wrapper.xcframework; path = MapboxCoreMaps.xcframework; sourceTree = "<group>"; };
		A5FBF91729CE4D40002C07C3 /* Turf.xcframework */ = {isa = PBXFileReference; lastKnownFileType = wrapper.xcframework; path = Turf.xcframework; sourceTree = "<group>"; };
		A5FBF92429CE4E0F002C07C3 /* MapMenuView.swift */ = {isa = PBXFileReference; lastKnownFileType = sourcecode.swift; path = MapMenuView.swift; sourceTree = "<group>"; };
		A5FBF92629CEFBE2002C07C3 /* PSWMapPresenter.swift */ = {isa = PBXFileReference; lastKnownFileType = sourcecode.swift; path = PSWMapPresenter.swift; sourceTree = "<group>"; };
		A5FBF92829CEFBF5002C07C3 /* PSWMapPresenterProtocol.swift */ = {isa = PBXFileReference; lastKnownFileType = sourcecode.swift; path = PSWMapPresenterProtocol.swift; sourceTree = "<group>"; };
		A5FBF92A29CEFC2F002C07C3 /* PSWMapViewProtocol.swift */ = {isa = PBXFileReference; lastKnownFileType = sourcecode.swift; path = PSWMapViewProtocol.swift; sourceTree = "<group>"; };
		A5FBF92E29CEFC9A002C07C3 /* MapModulBuilder.swift */ = {isa = PBXFileReference; lastKnownFileType = sourcecode.swift; path = MapModulBuilder.swift; sourceTree = "<group>"; };
		A5FBF93129CEFE35002C07C3 /* Routable.swift */ = {isa = PBXFileReference; lastKnownFileType = sourcecode.swift; path = Routable.swift; sourceTree = "<group>"; };
		A5FBF93329CEFE4C002C07C3 /* MapRouter.swift */ = {isa = PBXFileReference; lastKnownFileType = sourcecode.swift; path = MapRouter.swift; sourceTree = "<group>"; };
		A5FBF93529CF7819002C07C3 /* Helpers.swift */ = {isa = PBXFileReference; lastKnownFileType = sourcecode.swift; path = Helpers.swift; sourceTree = "<group>"; };
/* End PBXFileReference section */

/* Begin PBXFrameworksBuildPhase section */
		A5FBF8D829CE4CDA002C07C3 /* Frameworks */ = {
			isa = PBXFrameworksBuildPhase;
			buildActionMask = 2147483647;
			files = (
				A5FBF91C29CE4D47002C07C3 /* MapboxCoreMaps.xcframework in Frameworks */,
				A5FBF91929CE4D46002C07C3 /* MapboxCommon.xcframework in Frameworks */,
				A5FBF91E29CE4D48002C07C3 /* MapboxMaps.xcframework in Frameworks */,
				A5FBF92229CE4D4B002C07C3 /* Turf.xcframework in Frameworks */,
				A5FBF92029CE4D49002C07C3 /* MapboxMobileEvents.xcframework in Frameworks */,
			);
			runOnlyForDeploymentPostprocessing = 0;
		};
		A5FBF8EE29CE4CDB002C07C3 /* Frameworks */ = {
			isa = PBXFrameworksBuildPhase;
			buildActionMask = 2147483647;
			files = (
			);
			runOnlyForDeploymentPostprocessing = 0;
		};
		A5FBF8F829CE4CDB002C07C3 /* Frameworks */ = {
			isa = PBXFrameworksBuildPhase;
			buildActionMask = 2147483647;
			files = (
			);
			runOnlyForDeploymentPostprocessing = 0;
		};
/* End PBXFrameworksBuildPhase section */

/* Begin PBXGroup section */
		A5FBF8D229CE4CDA002C07C3 = {
			isa = PBXGroup;
			children = (
				A5FBF8DD29CE4CDA002C07C3 /* PSW_Test */,
				A5FBF8F429CE4CDB002C07C3 /* PSW_TestTests */,
				A5FBF8FE29CE4CDB002C07C3 /* PSW_TestUITests */,
				A5FBF8DC29CE4CDA002C07C3 /* Products */,
			);
			sourceTree = "<group>";
		};
		A5FBF8DC29CE4CDA002C07C3 /* Products */ = {
			isa = PBXGroup;
			children = (
				A5FBF8DB29CE4CDA002C07C3 /* PSW_Test.app */,
				A5FBF8F129CE4CDB002C07C3 /* PSW_TestTests.xctest */,
				A5FBF8FB29CE4CDB002C07C3 /* PSW_TestUITests.xctest */,
			);
			name = Products;
			sourceTree = "<group>";
		};
		A5FBF8DD29CE4CDA002C07C3 /* PSW_Test */ = {
			isa = PBXGroup;
			children = (
				A5FBF8DE29CE4CDA002C07C3 /* AppDelegate.swift */,
				A5FBF8E029CE4CDA002C07C3 /* SceneDelegate.swift */,
				A5FBF92C29CEFC51002C07C3 /* View */,
				A5FBF92D29CEFC5E002C07C3 /* Presenter */,
				A5FBF93029CEFE24002C07C3 /* Builder */,
				A5FBF92429CE4E0F002C07C3 /* MapMenuView.swift */,
				A5FBF92E29CEFC9A002C07C3 /* MapModulBuilder.swift */,
				A5FBF93529CF7819002C07C3 /* Helpers.swift */,
				A5FBF8E729CE4CDB002C07C3 /* Assets.xcassets */,
				A5FBF8E929CE4CDB002C07C3 /* LaunchScreen.storyboard */,
				A5FBF8EC29CE4CDB002C07C3 /* Info.plist */,
				A5FBF90E29CE4D21002C07C3 /* MapBox */,
			);
			path = PSW_Test;
			sourceTree = "<group>";
		};
		A5FBF8F429CE4CDB002C07C3 /* PSW_TestTests */ = {
			isa = PBXGroup;
			children = (
				A5FBF8F529CE4CDB002C07C3 /* PSW_TestTests.swift */,
			);
			path = PSW_TestTests;
			sourceTree = "<group>";
		};
		A5FBF8FE29CE4CDB002C07C3 /* PSW_TestUITests */ = {
			isa = PBXGroup;
			children = (
				A5FBF8FF29CE4CDB002C07C3 /* PSW_TestUITests.swift */,
				A5FBF90129CE4CDB002C07C3 /* PSW_TestUITestsLaunchTests.swift */,
			);
			path = PSW_TestUITests;
			sourceTree = "<group>";
		};
		A5FBF90E29CE4D21002C07C3 /* MapBox */ = {
			isa = PBXGroup;
			children = (
				A5FBF90F29CE4D32002C07C3 /* MapboxCommon.xcframework */,
				A5FBF91229CE4D32002C07C3 /* MapboxCoreMaps.xcframework */,
				A5FBF91029CE4D32002C07C3 /* MapboxMaps.xcframework */,
				A5FBF91729CE4D40002C07C3 /* Turf.xcframework */,
				A5FBF91129CE4D32002C07C3 /* MapboxMobileEvents.xcframework */,
			);
			path = MapBox;
			sourceTree = "<group>";
		};
		A5FBF92C29CEFC51002C07C3 /* View */ = {
			isa = PBXGroup;
			children = (
				A5FBF8E229CE4CDA002C07C3 /* PSWMapViewController.swift */,
				A5FBF92A29CEFC2F002C07C3 /* PSWMapViewProtocol.swift */,
			);
			path = View;
			sourceTree = "<group>";
		};
		A5FBF92D29CEFC5E002C07C3 /* Presenter */ = {
			isa = PBXGroup;
			children = (
				A5FBF92629CEFBE2002C07C3 /* PSWMapPresenter.swift */,
				A5FBF92829CEFBF5002C07C3 /* PSWMapPresenterProtocol.swift */,
			);
			path = Presenter;
			sourceTree = "<group>";
		};
		A5FBF93029CEFE24002C07C3 /* Builder */ = {
			isa = PBXGroup;
			children = (
				A5FBF93129CEFE35002C07C3 /* Routable.swift */,
				A5FBF93329CEFE4C002C07C3 /* MapRouter.swift */,
			);
			path = Builder;
			sourceTree = "<group>";
		};
/* End PBXGroup section */

/* Begin PBXNativeTarget section */
		A5FBF8DA29CE4CDA002C07C3 /* PSW_Test */ = {
			isa = PBXNativeTarget;
			buildConfigurationList = A5FBF90529CE4CDB002C07C3 /* Build configuration list for PBXNativeTarget "PSW_Test" */;
			buildPhases = (
				A5FBF8D729CE4CDA002C07C3 /* Sources */,
				A5FBF8D829CE4CDA002C07C3 /* Frameworks */,
				A5FBF8D929CE4CDA002C07C3 /* Resources */,
				A5FBF91B29CE4D46002C07C3 /* Embed Frameworks */,
			);
			buildRules = (
			);
			dependencies = (
			);
			name = PSW_Test;
			productName = PSW_Test;
			productReference = A5FBF8DB29CE4CDA002C07C3 /* PSW_Test.app */;
			productType = "com.apple.product-type.application";
		};
		A5FBF8F029CE4CDB002C07C3 /* PSW_TestTests */ = {
			isa = PBXNativeTarget;
			buildConfigurationList = A5FBF90829CE4CDB002C07C3 /* Build configuration list for PBXNativeTarget "PSW_TestTests" */;
			buildPhases = (
				A5FBF8ED29CE4CDB002C07C3 /* Sources */,
				A5FBF8EE29CE4CDB002C07C3 /* Frameworks */,
				A5FBF8EF29CE4CDB002C07C3 /* Resources */,
			);
			buildRules = (
			);
			dependencies = (
				A5FBF8F329CE4CDB002C07C3 /* PBXTargetDependency */,
			);
			name = PSW_TestTests;
			productName = PSW_TestTests;
			productReference = A5FBF8F129CE4CDB002C07C3 /* PSW_TestTests.xctest */;
			productType = "com.apple.product-type.bundle.unit-test";
		};
		A5FBF8FA29CE4CDB002C07C3 /* PSW_TestUITests */ = {
			isa = PBXNativeTarget;
			buildConfigurationList = A5FBF90B29CE4CDB002C07C3 /* Build configuration list for PBXNativeTarget "PSW_TestUITests" */;
			buildPhases = (
				A5FBF8F729CE4CDB002C07C3 /* Sources */,
				A5FBF8F829CE4CDB002C07C3 /* Frameworks */,
				A5FBF8F929CE4CDB002C07C3 /* Resources */,
			);
			buildRules = (
			);
			dependencies = (
				A5FBF8FD29CE4CDB002C07C3 /* PBXTargetDependency */,
			);
			name = PSW_TestUITests;
			productName = PSW_TestUITests;
			productReference = A5FBF8FB29CE4CDB002C07C3 /* PSW_TestUITests.xctest */;
			productType = "com.apple.product-type.bundle.ui-testing";
		};
/* End PBXNativeTarget section */

/* Begin PBXProject section */
		A5FBF8D329CE4CDA002C07C3 /* Project object */ = {
			isa = PBXProject;
			attributes = {
				BuildIndependentTargetsInParallel = 1;
				LastSwiftUpdateCheck = 1400;
				LastUpgradeCheck = 1400;
				TargetAttributes = {
					A5FBF8DA29CE4CDA002C07C3 = {
						CreatedOnToolsVersion = 14.0.1;
					};
					A5FBF8F029CE4CDB002C07C3 = {
						CreatedOnToolsVersion = 14.0.1;
						TestTargetID = A5FBF8DA29CE4CDA002C07C3;
					};
					A5FBF8FA29CE4CDB002C07C3 = {
						CreatedOnToolsVersion = 14.0.1;
						TestTargetID = A5FBF8DA29CE4CDA002C07C3;
					};
				};
			};
			buildConfigurationList = A5FBF8D629CE4CDA002C07C3 /* Build configuration list for PBXProject "PSW_Test" */;
			compatibilityVersion = "Xcode 14.0";
			developmentRegion = en;
			hasScannedForEncodings = 0;
			knownRegions = (
				en,
				Base,
			);
			mainGroup = A5FBF8D229CE4CDA002C07C3;
			productRefGroup = A5FBF8DC29CE4CDA002C07C3 /* Products */;
			projectDirPath = "";
			projectRoot = "";
			targets = (
				A5FBF8DA29CE4CDA002C07C3 /* PSW_Test */,
				A5FBF8F029CE4CDB002C07C3 /* PSW_TestTests */,
				A5FBF8FA29CE4CDB002C07C3 /* PSW_TestUITests */,
			);
		};
/* End PBXProject section */

/* Begin PBXResourcesBuildPhase section */
		A5FBF8D929CE4CDA002C07C3 /* Resources */ = {
			isa = PBXResourcesBuildPhase;
			buildActionMask = 2147483647;
			files = (
				A5FBF8EB29CE4CDB002C07C3 /* LaunchScreen.storyboard in Resources */,
				A5FBF8E829CE4CDB002C07C3 /* Assets.xcassets in Resources */,
			);
			runOnlyForDeploymentPostprocessing = 0;
		};
		A5FBF8EF29CE4CDB002C07C3 /* Resources */ = {
			isa = PBXResourcesBuildPhase;
			buildActionMask = 2147483647;
			files = (
			);
			runOnlyForDeploymentPostprocessing = 0;
		};
		A5FBF8F929CE4CDB002C07C3 /* Resources */ = {
			isa = PBXResourcesBuildPhase;
			buildActionMask = 2147483647;
			files = (
			);
			runOnlyForDeploymentPostprocessing = 0;
		};
/* End PBXResourcesBuildPhase section */

/* Begin PBXSourcesBuildPhase section */
		A5FBF8D729CE4CDA002C07C3 /* Sources */ = {
			isa = PBXSourcesBuildPhase;
			buildActionMask = 2147483647;
			files = (
				A5FBF8E329CE4CDA002C07C3 /* PSWMapViewController.swift in Sources */,
				A5FBF8DF29CE4CDA002C07C3 /* AppDelegate.swift in Sources */,
				A5FBF92929CEFBF5002C07C3 /* PSWMapPresenterProtocol.swift in Sources */,
				A5FBF92529CE4E0F002C07C3 /* MapMenuView.swift in Sources */,
				A5FBF93629CF7819002C07C3 /* Helpers.swift in Sources */,
				A5FBF8E129CE4CDA002C07C3 /* SceneDelegate.swift in Sources */,
				A5FBF92729CEFBE2002C07C3 /* PSWMapPresenter.swift in Sources */,
				A5FBF92F29CEFC9A002C07C3 /* MapModulBuilder.swift in Sources */,
				A5FBF93429CEFE4C002C07C3 /* MapRouter.swift in Sources */,
				A5FBF93229CEFE35002C07C3 /* Routable.swift in Sources */,
				A5FBF92B29CEFC2F002C07C3 /* PSWMapViewProtocol.swift in Sources */,
			);
			runOnlyForDeploymentPostprocessing = 0;
		};
		A5FBF8ED29CE4CDB002C07C3 /* Sources */ = {
			isa = PBXSourcesBuildPhase;
			buildActionMask = 2147483647;
			files = (
				A5FBF8F629CE4CDB002C07C3 /* PSW_TestTests.swift in Sources */,
			);
			runOnlyForDeploymentPostprocessing = 0;
		};
		A5FBF8F729CE4CDB002C07C3 /* Sources */ = {
			isa = PBXSourcesBuildPhase;
			buildActionMask = 2147483647;
			files = (
				A5FBF90229CE4CDB002C07C3 /* PSW_TestUITestsLaunchTests.swift in Sources */,
				A5FBF90029CE4CDB002C07C3 /* PSW_TestUITests.swift in Sources */,
			);
			runOnlyForDeploymentPostprocessing = 0;
		};
/* End PBXSourcesBuildPhase section */

/* Begin PBXTargetDependency section */
		A5FBF8F329CE4CDB002C07C3 /* PBXTargetDependency */ = {
			isa = PBXTargetDependency;
			target = A5FBF8DA29CE4CDA002C07C3 /* PSW_Test */;
			targetProxy = A5FBF8F229CE4CDB002C07C3 /* PBXContainerItemProxy */;
		};
		A5FBF8FD29CE4CDB002C07C3 /* PBXTargetDependency */ = {
			isa = PBXTargetDependency;
			target = A5FBF8DA29CE4CDA002C07C3 /* PSW_Test */;
			targetProxy = A5FBF8FC29CE4CDB002C07C3 /* PBXContainerItemProxy */;
		};
/* End PBXTargetDependency section */

/* Begin PBXVariantGroup section */
		A5FBF8E929CE4CDB002C07C3 /* LaunchScreen.storyboard */ = {
			isa = PBXVariantGroup;
			children = (
				A5FBF8EA29CE4CDB002C07C3 /* Base */,
			);
			name = LaunchScreen.storyboard;
			sourceTree = "<group>";
		};
/* End PBXVariantGroup section */

/* Begin XCBuildConfiguration section */
		A5FBF90329CE4CDB002C07C3 /* Debug */ = {
			isa = XCBuildConfiguration;
			buildSettings = {
				ALWAYS_SEARCH_USER_PATHS = NO;
				CLANG_ANALYZER_NONNULL = YES;
				CLANG_ANALYZER_NUMBER_OBJECT_CONVERSION = YES_AGGRESSIVE;
				CLANG_CXX_LANGUAGE_STANDARD = "gnu++20";
				CLANG_ENABLE_MODULES = YES;
				CLANG_ENABLE_OBJC_ARC = YES;
				CLANG_ENABLE_OBJC_WEAK = YES;
				CLANG_WARN_BLOCK_CAPTURE_AUTORELEASING = YES;
				CLANG_WARN_BOOL_CONVERSION = YES;
				CLANG_WARN_COMMA = YES;
				CLANG_WARN_CONSTANT_CONVERSION = YES;
				CLANG_WARN_DEPRECATED_OBJC_IMPLEMENTATIONS = YES;
				CLANG_WARN_DIRECT_OBJC_ISA_USAGE = YES_ERROR;
				CLANG_WARN_DOCUMENTATION_COMMENTS = YES;
				CLANG_WARN_EMPTY_BODY = YES;
				CLANG_WARN_ENUM_CONVERSION = YES;
				CLANG_WARN_INFINITE_RECURSION = YES;
				CLANG_WARN_INT_CONVERSION = YES;
				CLANG_WARN_NON_LITERAL_NULL_CONVERSION = YES;
				CLANG_WARN_OBJC_IMPLICIT_RETAIN_SELF = YES;
				CLANG_WARN_OBJC_LITERAL_CONVERSION = YES;
				CLANG_WARN_OBJC_ROOT_CLASS = YES_ERROR;
				CLANG_WARN_QUOTED_INCLUDE_IN_FRAMEWORK_HEADER = YES;
				CLANG_WARN_RANGE_LOOP_ANALYSIS = YES;
				CLANG_WARN_STRICT_PROTOTYPES = YES;
				CLANG_WARN_SUSPICIOUS_MOVE = YES;
				CLANG_WARN_UNGUARDED_AVAILABILITY = YES_AGGRESSIVE;
				CLANG_WARN_UNREACHABLE_CODE = YES;
				CLANG_WARN__DUPLICATE_METHOD_MATCH = YES;
				COPY_PHASE_STRIP = NO;
				DEBUG_INFORMATION_FORMAT = dwarf;
				ENABLE_STRICT_OBJC_MSGSEND = YES;
				ENABLE_TESTABILITY = YES;
				GCC_C_LANGUAGE_STANDARD = gnu11;
				GCC_DYNAMIC_NO_PIC = NO;
				GCC_NO_COMMON_BLOCKS = YES;
				GCC_OPTIMIZATION_LEVEL = 0;
				GCC_PREPROCESSOR_DEFINITIONS = (
					"DEBUG=1",
					"$(inherited)",
				);
				GCC_WARN_64_TO_32_BIT_CONVERSION = YES;
				GCC_WARN_ABOUT_RETURN_TYPE = YES_ERROR;
				GCC_WARN_UNDECLARED_SELECTOR = YES;
				GCC_WARN_UNINITIALIZED_AUTOS = YES_AGGRESSIVE;
				GCC_WARN_UNUSED_FUNCTION = YES;
				GCC_WARN_UNUSED_VARIABLE = YES;
				IPHONEOS_DEPLOYMENT_TARGET = 16.0;
				MTL_ENABLE_DEBUG_INFO = INCLUDE_SOURCE;
				MTL_FAST_MATH = YES;
				ONLY_ACTIVE_ARCH = YES;
				SDKROOT = iphoneos;
				SWIFT_ACTIVE_COMPILATION_CONDITIONS = DEBUG;
				SWIFT_OPTIMIZATION_LEVEL = "-Onone";
			};
			name = Debug;
		};
		A5FBF90429CE4CDB002C07C3 /* Release */ = {
			isa = XCBuildConfiguration;
			buildSettings = {
				ALWAYS_SEARCH_USER_PATHS = NO;
				CLANG_ANALYZER_NONNULL = YES;
				CLANG_ANALYZER_NUMBER_OBJECT_CONVERSION = YES_AGGRESSIVE;
				CLANG_CXX_LANGUAGE_STANDARD = "gnu++20";
				CLANG_ENABLE_MODULES = YES;
				CLANG_ENABLE_OBJC_ARC = YES;
				CLANG_ENABLE_OBJC_WEAK = YES;
				CLANG_WARN_BLOCK_CAPTURE_AUTORELEASING = YES;
				CLANG_WARN_BOOL_CONVERSION = YES;
				CLANG_WARN_COMMA = YES;
				CLANG_WARN_CONSTANT_CONVERSION = YES;
				CLANG_WARN_DEPRECATED_OBJC_IMPLEMENTATIONS = YES;
				CLANG_WARN_DIRECT_OBJC_ISA_USAGE = YES_ERROR;
				CLANG_WARN_DOCUMENTATION_COMMENTS = YES;
				CLANG_WARN_EMPTY_BODY = YES;
				CLANG_WARN_ENUM_CONVERSION = YES;
				CLANG_WARN_INFINITE_RECURSION = YES;
				CLANG_WARN_INT_CONVERSION = YES;
				CLANG_WARN_NON_LITERAL_NULL_CONVERSION = YES;
				CLANG_WARN_OBJC_IMPLICIT_RETAIN_SELF = YES;
				CLANG_WARN_OBJC_LITERAL_CONVERSION = YES;
				CLANG_WARN_OBJC_ROOT_CLASS = YES_ERROR;
				CLANG_WARN_QUOTED_INCLUDE_IN_FRAMEWORK_HEADER = YES;
				CLANG_WARN_RANGE_LOOP_ANALYSIS = YES;
				CLANG_WARN_STRICT_PROTOTYPES = YES;
				CLANG_WARN_SUSPICIOUS_MOVE = YES;
				CLANG_WARN_UNGUARDED_AVAILABILITY = YES_AGGRESSIVE;
				CLANG_WARN_UNREACHABLE_CODE = YES;
				CLANG_WARN__DUPLICATE_METHOD_MATCH = YES;
				COPY_PHASE_STRIP = NO;
				DEBUG_INFORMATION_FORMAT = "dwarf-with-dsym";
				ENABLE_NS_ASSERTIONS = NO;
				ENABLE_STRICT_OBJC_MSGSEND = YES;
				GCC_C_LANGUAGE_STANDARD = gnu11;
				GCC_NO_COMMON_BLOCKS = YES;
				GCC_WARN_64_TO_32_BIT_CONVERSION = YES;
				GCC_WARN_ABOUT_RETURN_TYPE = YES_ERROR;
				GCC_WARN_UNDECLARED_SELECTOR = YES;
				GCC_WARN_UNINITIALIZED_AUTOS = YES_AGGRESSIVE;
				GCC_WARN_UNUSED_FUNCTION = YES;
				GCC_WARN_UNUSED_VARIABLE = YES;
				IPHONEOS_DEPLOYMENT_TARGET = 16.0;
				MTL_ENABLE_DEBUG_INFO = NO;
				MTL_FAST_MATH = YES;
				SDKROOT = iphoneos;
				SWIFT_COMPILATION_MODE = wholemodule;
				SWIFT_OPTIMIZATION_LEVEL = "-O";
				VALIDATE_PRODUCT = YES;
			};
			name = Release;
		};
		A5FBF90629CE4CDB002C07C3 /* Debug */ = {
			isa = XCBuildConfiguration;
			buildSettings = {
				ASSETCATALOG_COMPILER_APPICON_NAME = AppIcon;
				ASSETCATALOG_COMPILER_GLOBAL_ACCENT_COLOR_NAME = AccentColor;
				CODE_SIGN_STYLE = Automatic;
				CURRENT_PROJECT_VERSION = 1;
				DEVELOPMENT_TEAM = T89X3T8CX6;
				GENERATE_INFOPLIST_FILE = YES;
				INFOPLIST_FILE = PSW_Test/Info.plist;
				INFOPLIST_KEY_UIApplicationSupportsIndirectInputEvents = YES;
				INFOPLIST_KEY_UILaunchStoryboardName = LaunchScreen;
				INFOPLIST_KEY_UISupportedInterfaceOrientations_iPad = "UIInterfaceOrientationPortrait UIInterfaceOrientationPortraitUpsideDown UIInterfaceOrientationLandscapeLeft UIInterfaceOrientationLandscapeRight";
				INFOPLIST_KEY_UISupportedInterfaceOrientations_iPhone = "UIInterfaceOrientationPortrait UIInterfaceOrientationLandscapeLeft UIInterfaceOrientationLandscapeRight";
				LD_RUNPATH_SEARCH_PATHS = (
					"$(inherited)",
					"@executable_path/Frameworks",
				);
				MARKETING_VERSION = 1.0;
				PRODUCT_BUNDLE_IDENTIFIER = "-.PSW-Test";
				PRODUCT_NAME = "$(TARGET_NAME)";
				SWIFT_EMIT_LOC_STRINGS = YES;
				SWIFT_VERSION = 5.0;
				TARGETED_DEVICE_FAMILY = "1,2";
			};
			name = Debug;
		};
		A5FBF90729CE4CDB002C07C3 /* Release */ = {
			isa = XCBuildConfiguration;
			buildSettings = {
				ASSETCATALOG_COMPILER_APPICON_NAME = AppIcon;
				ASSETCATALOG_COMPILER_GLOBAL_ACCENT_COLOR_NAME = AccentColor;
				CODE_SIGN_STYLE = Automatic;
				CURRENT_PROJECT_VERSION = 1;
				DEVELOPMENT_TEAM = T89X3T8CX6;
				GENERATE_INFOPLIST_FILE = YES;
				INFOPLIST_FILE = PSW_Test/Info.plist;
				INFOPLIST_KEY_UIApplicationSupportsIndirectInputEvents = YES;
				INFOPLIST_KEY_UILaunchStoryboardName = LaunchScreen;
				INFOPLIST_KEY_UISupportedInterfaceOrientations_iPad = "UIInterfaceOrientationPortrait UIInterfaceOrientationPortraitUpsideDown UIInterfaceOrientationLandscapeLeft UIInterfaceOrientationLandscapeRight";
				INFOPLIST_KEY_UISupportedInterfaceOrientations_iPhone = "UIInterfaceOrientationPortrait UIInterfaceOrientationLandscapeLeft UIInterfaceOrientationLandscapeRight";
				LD_RUNPATH_SEARCH_PATHS = (
					"$(inherited)",
					"@executable_path/Frameworks",
				);
				MARKETING_VERSION = 1.0;
				PRODUCT_BUNDLE_IDENTIFIER = "-.PSW-Test";
				PRODUCT_NAME = "$(TARGET_NAME)";
				SWIFT_EMIT_LOC_STRINGS = YES;
				SWIFT_VERSION = 5.0;
				TARGETED_DEVICE_FAMILY = "1,2";
			};
			name = Release;
		};
		A5FBF90929CE4CDB002C07C3 /* Debug */ = {
			isa = XCBuildConfiguration;
			buildSettings = {
				ALWAYS_EMBED_SWIFT_STANDARD_LIBRARIES = YES;
				BUNDLE_LOADER = "$(TEST_HOST)";
				CODE_SIGN_STYLE = Automatic;
				CURRENT_PROJECT_VERSION = 1;
				DEVELOPMENT_TEAM = T89X3T8CX6;
				GENERATE_INFOPLIST_FILE = YES;
				IPHONEOS_DEPLOYMENT_TARGET = 16.0;
				MARKETING_VERSION = 1.0;
				PRODUCT_BUNDLE_IDENTIFIER = "-.PSW-TestTests";
				PRODUCT_NAME = "$(TARGET_NAME)";
				SWIFT_EMIT_LOC_STRINGS = NO;
				SWIFT_VERSION = 5.0;
				TARGETED_DEVICE_FAMILY = "1,2";
				TEST_HOST = "$(BUILT_PRODUCTS_DIR)/PSW_Test.app/$(BUNDLE_EXECUTABLE_FOLDER_PATH)/PSW_Test";
			};
			name = Debug;
		};
		A5FBF90A29CE4CDB002C07C3 /* Release */ = {
			isa = XCBuildConfiguration;
			buildSettings = {
				ALWAYS_EMBED_SWIFT_STANDARD_LIBRARIES = YES;
				BUNDLE_LOADER = "$(TEST_HOST)";
				CODE_SIGN_STYLE = Automatic;
				CURRENT_PROJECT_VERSION = 1;
				DEVELOPMENT_TEAM = T89X3T8CX6;
				GENERATE_INFOPLIST_FILE = YES;
				IPHONEOS_DEPLOYMENT_TARGET = 16.0;
				MARKETING_VERSION = 1.0;
				PRODUCT_BUNDLE_IDENTIFIER = "-.PSW-TestTests";
				PRODUCT_NAME = "$(TARGET_NAME)";
				SWIFT_EMIT_LOC_STRINGS = NO;
				SWIFT_VERSION = 5.0;
				TARGETED_DEVICE_FAMILY = "1,2";
				TEST_HOST = "$(BUILT_PRODUCTS_DIR)/PSW_Test.app/$(BUNDLE_EXECUTABLE_FOLDER_PATH)/PSW_Test";
			};
			name = Release;
		};
		A5FBF90C29CE4CDB002C07C3 /* Debug */ = {
			isa = XCBuildConfiguration;
			buildSettings = {
				ALWAYS_EMBED_SWIFT_STANDARD_LIBRARIES = YES;
				CODE_SIGN_STYLE = Automatic;
				CURRENT_PROJECT_VERSION = 1;
				DEVELOPMENT_TEAM = T89X3T8CX6;
				GENERATE_INFOPLIST_FILE = YES;
				MARKETING_VERSION = 1.0;
				PRODUCT_BUNDLE_IDENTIFIER = "-.PSW-TestUITests";
				PRODUCT_NAME = "$(TARGET_NAME)";
				SWIFT_EMIT_LOC_STRINGS = NO;
				SWIFT_VERSION = 5.0;
				TARGETED_DEVICE_FAMILY = "1,2";
				TEST_TARGET_NAME = PSW_Test;
			};
			name = Debug;
		};
		A5FBF90D29CE4CDB002C07C3 /* Release */ = {
			isa = XCBuildConfiguration;
			buildSettings = {
				ALWAYS_EMBED_SWIFT_STANDARD_LIBRARIES = YES;
				CODE_SIGN_STYLE = Automatic;
				CURRENT_PROJECT_VERSION = 1;
				DEVELOPMENT_TEAM = T89X3T8CX6;
				GENERATE_INFOPLIST_FILE = YES;
				MARKETING_VERSION = 1.0;
				PRODUCT_BUNDLE_IDENTIFIER = "-.PSW-TestUITests";
				PRODUCT_NAME = "$(TARGET_NAME)";
				SWIFT_EMIT_LOC_STRINGS = NO;
				SWIFT_VERSION = 5.0;
				TARGETED_DEVICE_FAMILY = "1,2";
				TEST_TARGET_NAME = PSW_Test;
			};
			name = Release;
		};
/* End XCBuildConfiguration section */

/* Begin XCConfigurationList section */
		A5FBF8D629CE4CDA002C07C3 /* Build configuration list for PBXProject "PSW_Test" */ = {
			isa = XCConfigurationList;
			buildConfigurations = (
				A5FBF90329CE4CDB002C07C3 /* Debug */,
				A5FBF90429CE4CDB002C07C3 /* Release */,
			);
			defaultConfigurationIsVisible = 0;
			defaultConfigurationName = Release;
		};
		A5FBF90529CE4CDB002C07C3 /* Build configuration list for PBXNativeTarget "PSW_Test" */ = {
			isa = XCConfigurationList;
			buildConfigurations = (
				A5FBF90629CE4CDB002C07C3 /* Debug */,
				A5FBF90729CE4CDB002C07C3 /* Release */,
			);
			defaultConfigurationIsVisible = 0;
			defaultConfigurationName = Release;
		};
		A5FBF90829CE4CDB002C07C3 /* Build configuration list for PBXNativeTarget "PSW_TestTests" */ = {
			isa = XCConfigurationList;
			buildConfigurations = (
				A5FBF90929CE4CDB002C07C3 /* Debug */,
				A5FBF90A29CE4CDB002C07C3 /* Release */,
			);
			defaultConfigurationIsVisible = 0;
			defaultConfigurationName = Release;
		};
		A5FBF90B29CE4CDB002C07C3 /* Build configuration list for PBXNativeTarget "PSW_TestUITests" */ = {
			isa = XCConfigurationList;
			buildConfigurations = (
				A5FBF90C29CE4CDB002C07C3 /* Debug */,
				A5FBF90D29CE4CDB002C07C3 /* Release */,
			);
			defaultConfigurationIsVisible = 0;
			defaultConfigurationName = Release;
		};
/* End XCConfigurationList section */
	};
	rootObject = A5FBF8D329CE4CDA002C07C3 /* Project object */;
}
